// !$*UTF8*$!
{
	archiveVersion = 1;
	classes = {
	};
	objectVersion = 56;
	objects = {

/* Begin PBXBuildFile section */
		590974B42B2DCE4100FD317E /* GCApp.swift in Sources */ = {isa = PBXBuildFile; fileRef = 590974B32B2DCE4100FD317E /* GCApp.swift */; };
		590974B62B2DCE4100FD317E /* LoginView.swift in Sources */ = {isa = PBXBuildFile; fileRef = 590974B52B2DCE4100FD317E /* LoginView.swift */; };
		590974B82B2DCE4200FD317E /* Assets.xcassets in Resources */ = {isa = PBXBuildFile; fileRef = 590974B72B2DCE4200FD317E /* Assets.xcassets */; };
		590974BB2B2DCE4200FD317E /* Preview Assets.xcassets in Resources */ = {isa = PBXBuildFile; fileRef = 590974BA2B2DCE4200FD317E /* Preview Assets.xcassets */; };
		590974C42B2DD9B500FD317E /* LoginViewModel.swift in Sources */ = {isa = PBXBuildFile; fileRef = 590974C32B2DD9B500FD317E /* LoginViewModel.swift */; };
		590974C82B2DE3B800FD317E /* LoginUserDto.swift in Sources */ = {isa = PBXBuildFile; fileRef = 590974C72B2DE3B800FD317E /* LoginUserDto.swift */; };
		590974CA2B2DE4A100FD317E /* Api.swift in Sources */ = {isa = PBXBuildFile; fileRef = 590974C92B2DE4A100FD317E /* Api.swift */; };
		590974CD2B2E077D00FD317E /* ShopsView.swift in Sources */ = {isa = PBXBuildFile; fileRef = 590974CC2B2E077D00FD317E /* ShopsView.swift */; };
		590974CF2B2E1B4000FD317E /* Router.swift in Sources */ = {isa = PBXBuildFile; fileRef = 590974CE2B2E1B4000FD317E /* Router.swift */; };
		590974D12B2E30A900FD317E /* MainView.swift in Sources */ = {isa = PBXBuildFile; fileRef = 590974D02B2E30A900FD317E /* MainView.swift */; };
		590974D32B2E367D00FD317E /* ShopsViewModel.swift in Sources */ = {isa = PBXBuildFile; fileRef = 590974D22B2E367D00FD317E /* ShopsViewModel.swift */; };
		590974D52B2E407C00FD317E /* ShopCard.swift in Sources */ = {isa = PBXBuildFile; fileRef = 590974D42B2E407C00FD317E /* ShopCard.swift */; };
		590974D82B2F425300FD317E /* OnboardingView.swift in Sources */ = {isa = PBXBuildFile; fileRef = 590974D72B2F425300FD317E /* OnboardingView.swift */; };
		590974DA2B2F427D00FD317E /* OnboardingViewModel.swift in Sources */ = {isa = PBXBuildFile; fileRef = 590974D92B2F427D00FD317E /* OnboardingViewModel.swift */; };
		590974DC2B2F436300FD317E /* OnboardingUserDto.swift in Sources */ = {isa = PBXBuildFile; fileRef = 590974DB2B2F436300FD317E /* OnboardingUserDto.swift */; };
		590974DE2B2F7D9F00FD317E /* GetShopsDto.swift in Sources */ = {isa = PBXBuildFile; fileRef = 590974DD2B2F7D9F00FD317E /* GetShopsDto.swift */; };
		590974E12B2F824400FD317E /* ShopDetailsView.swift in Sources */ = {isa = PBXBuildFile; fileRef = 590974E02B2F824400FD317E /* ShopDetailsView.swift */; };
		590974E32B309FC300FD317E /* ShopDetailsViewModel.swift in Sources */ = {isa = PBXBuildFile; fileRef = 590974E22B309FC300FD317E /* ShopDetailsViewModel.swift */; };
		590974E52B30C55100FD317E /* ShopDetailsDto.swift in Sources */ = {isa = PBXBuildFile; fileRef = 590974E42B30C55100FD317E /* ShopDetailsDto.swift */; };
		590974E72B30F81800FD317E /* TimeParser.swift in Sources */ = {isa = PBXBuildFile; fileRef = 590974E62B30F81800FD317E /* TimeParser.swift */; };
		590974E92B31012A00FD317E /* ViewExtension.swift in Sources */ = {isa = PBXBuildFile; fileRef = 590974E82B31012A00FD317E /* ViewExtension.swift */; };
		5923FE902B31F771001B0D84 /* Storage.swift in Sources */ = {isa = PBXBuildFile; fileRef = 5923FE8F2B31F771001B0D84 /* Storage.swift */; };
/* End PBXBuildFile section */

/* Begin PBXFileReference section */
		590974B02B2DCE4100FD317E /* GC.app */ = {isa = PBXFileReference; explicitFileType = wrapper.application; includeInIndex = 0; path = GC.app; sourceTree = BUILT_PRODUCTS_DIR; };
		590974B32B2DCE4100FD317E /* GCApp.swift */ = {isa = PBXFileReference; lastKnownFileType = sourcecode.swift; path = GCApp.swift; sourceTree = "<group>"; };
		590974B52B2DCE4100FD317E /* LoginView.swift */ = {isa = PBXFileReference; lastKnownFileType = sourcecode.swift; path = LoginView.swift; sourceTree = "<group>"; };
		590974B72B2DCE4200FD317E /* Assets.xcassets */ = {isa = PBXFileReference; lastKnownFileType = folder.assetcatalog; path = Assets.xcassets; sourceTree = "<group>"; };
		590974BA2B2DCE4200FD317E /* Preview Assets.xcassets */ = {isa = PBXFileReference; lastKnownFileType = folder.assetcatalog; path = "Preview Assets.xcassets"; sourceTree = "<group>"; };
		590974C32B2DD9B500FD317E /* LoginViewModel.swift */ = {isa = PBXFileReference; lastKnownFileType = sourcecode.swift; path = LoginViewModel.swift; sourceTree = "<group>"; };
		590974C72B2DE3B800FD317E /* LoginUserDto.swift */ = {isa = PBXFileReference; lastKnownFileType = sourcecode.swift; path = LoginUserDto.swift; sourceTree = "<group>"; };
		590974C92B2DE4A100FD317E /* Api.swift */ = {isa = PBXFileReference; lastKnownFileType = sourcecode.swift; path = Api.swift; sourceTree = "<group>"; };
		590974CC2B2E077D00FD317E /* ShopsView.swift */ = {isa = PBXFileReference; lastKnownFileType = sourcecode.swift; path = ShopsView.swift; sourceTree = "<group>"; };
		590974CE2B2E1B4000FD317E /* Router.swift */ = {isa = PBXFileReference; lastKnownFileType = sourcecode.swift; path = Router.swift; sourceTree = "<group>"; };
		590974D02B2E30A900FD317E /* MainView.swift */ = {isa = PBXFileReference; lastKnownFileType = sourcecode.swift; path = MainView.swift; sourceTree = "<group>"; };
		590974D22B2E367D00FD317E /* ShopsViewModel.swift */ = {isa = PBXFileReference; lastKnownFileType = sourcecode.swift; path = ShopsViewModel.swift; sourceTree = "<group>"; };
		590974D42B2E407C00FD317E /* ShopCard.swift */ = {isa = PBXFileReference; lastKnownFileType = sourcecode.swift; path = ShopCard.swift; sourceTree = "<group>"; };
		590974D72B2F425300FD317E /* OnboardingView.swift */ = {isa = PBXFileReference; lastKnownFileType = sourcecode.swift; path = OnboardingView.swift; sourceTree = "<group>"; };
		590974D92B2F427D00FD317E /* OnboardingViewModel.swift */ = {isa = PBXFileReference; lastKnownFileType = sourcecode.swift; path = OnboardingViewModel.swift; sourceTree = "<group>"; };
		590974DB2B2F436300FD317E /* OnboardingUserDto.swift */ = {isa = PBXFileReference; lastKnownFileType = sourcecode.swift; path = OnboardingUserDto.swift; sourceTree = "<group>"; };
		590974DD2B2F7D9F00FD317E /* GetShopsDto.swift */ = {isa = PBXFileReference; lastKnownFileType = sourcecode.swift; path = GetShopsDto.swift; sourceTree = "<group>"; };
		590974E02B2F824400FD317E /* ShopDetailsView.swift */ = {isa = PBXFileReference; lastKnownFileType = sourcecode.swift; path = ShopDetailsView.swift; sourceTree = "<group>"; };
		590974E22B309FC300FD317E /* ShopDetailsViewModel.swift */ = {isa = PBXFileReference; lastKnownFileType = sourcecode.swift; path = ShopDetailsViewModel.swift; sourceTree = "<group>"; };
		590974E42B30C55100FD317E /* ShopDetailsDto.swift */ = {isa = PBXFileReference; lastKnownFileType = sourcecode.swift; path = ShopDetailsDto.swift; sourceTree = "<group>"; };
		590974E62B30F81800FD317E /* TimeParser.swift */ = {isa = PBXFileReference; lastKnownFileType = sourcecode.swift; path = TimeParser.swift; sourceTree = "<group>"; };
		590974E82B31012A00FD317E /* ViewExtension.swift */ = {isa = PBXFileReference; lastKnownFileType = sourcecode.swift; path = ViewExtension.swift; sourceTree = "<group>"; };
		5923FE8F2B31F771001B0D84 /* Storage.swift */ = {isa = PBXFileReference; lastKnownFileType = sourcecode.swift; path = Storage.swift; sourceTree = "<group>"; };
/* End PBXFileReference section */

/* Begin PBXFrameworksBuildPhase section */
		590974AD2B2DCE4100FD317E /* Frameworks */ = {
			isa = PBXFrameworksBuildPhase;
			buildActionMask = 2147483647;
			files = (
			);
			runOnlyForDeploymentPostprocessing = 0;
		};
/* End PBXFrameworksBuildPhase section */

/* Begin PBXGroup section */
		590974A72B2DCE4100FD317E = {
			isa = PBXGroup;
			children = (
				5923FE8F2B31F771001B0D84 /* Storage.swift */,
				590974B22B2DCE4100FD317E /* GC */,
				590974B12B2DCE4100FD317E /* Products */,
			);
			sourceTree = "<group>";
		};
		590974B12B2DCE4100FD317E /* Products */ = {
			isa = PBXGroup;
			children = (
				590974B02B2DCE4100FD317E /* GC.app */,
			);
			name = Products;
			sourceTree = "<group>";
		};
		590974B22B2DCE4100FD317E /* GC */ = {
			isa = PBXGroup;
			children = (
				590974E82B31012A00FD317E /* ViewExtension.swift */,
				590974E62B30F81800FD317E /* TimeParser.swift */,
				590974D02B2E30A900FD317E /* MainView.swift */,
				590974CE2B2E1B4000FD317E /* Router.swift */,
				590974C92B2DE4A100FD317E /* Api.swift */,
				590974DF2B2F80BF00FD317E /* shopdetails */,
				590974C22B2DD99500FD317E /* login */,
				590974D62B2F421D00FD317E /* onboarding */,
				590974CB2B2E076100FD317E /* shops */,
				590974B32B2DCE4100FD317E /* GCApp.swift */,
				590974B72B2DCE4200FD317E /* Assets.xcassets */,
				590974B92B2DCE4200FD317E /* Preview Content */,
			);
			path = GC;
			sourceTree = "<group>";
		};
		590974B92B2DCE4200FD317E /* Preview Content */ = {
			isa = PBXGroup;
			children = (
				590974BA2B2DCE4200FD317E /* Preview Assets.xcassets */,
			);
			path = "Preview Content";
			sourceTree = "<group>";
		};
		590974C22B2DD99500FD317E /* login */ = {
			isa = PBXGroup;
			children = (
				590974B52B2DCE4100FD317E /* LoginView.swift */,
				590974C32B2DD9B500FD317E /* LoginViewModel.swift */,
				590974C72B2DE3B800FD317E /* LoginUserDto.swift */,
			);
			path = login;
			sourceTree = "<group>";
		};
		590974CB2B2E076100FD317E /* shops */ = {
			isa = PBXGroup;
			children = (
				590974CC2B2E077D00FD317E /* ShopsView.swift */,
				590974D22B2E367D00FD317E /* ShopsViewModel.swift */,
				590974D42B2E407C00FD317E /* ShopCard.swift */,
				590974DD2B2F7D9F00FD317E /* GetShopsDto.swift */,
			);
			path = shops;
			sourceTree = "<group>";
		};
		590974D62B2F421D00FD317E /* onboarding */ = {
			isa = PBXGroup;
			children = (
				590974D72B2F425300FD317E /* OnboardingView.swift */,
				590974D92B2F427D00FD317E /* OnboardingViewModel.swift */,
				590974DB2B2F436300FD317E /* OnboardingUserDto.swift */,
			);
			path = onboarding;
			sourceTree = "<group>";
		};
		590974DF2B2F80BF00FD317E /* shopdetails */ = {
			isa = PBXGroup;
			children = (
				590974E02B2F824400FD317E /* ShopDetailsView.swift */,
				590974E22B309FC300FD317E /* ShopDetailsViewModel.swift */,
				590974E42B30C55100FD317E /* ShopDetailsDto.swift */,
			);
			path = shopdetails;
			sourceTree = "<group>";
		};
/* End PBXGroup section */

/* Begin PBXNativeTarget section */
		590974AF2B2DCE4100FD317E /* GC */ = {
			isa = PBXNativeTarget;
			buildConfigurationList = 590974BE2B2DCE4200FD317E /* Build configuration list for PBXNativeTarget "GC" */;
			buildPhases = (
				590974AC2B2DCE4100FD317E /* Sources */,
				590974AD2B2DCE4100FD317E /* Frameworks */,
				590974AE2B2DCE4100FD317E /* Resources */,
			);
			buildRules = (
			);
			dependencies = (
			);
			name = GC;
			productName = GC;
			productReference = 590974B02B2DCE4100FD317E /* GC.app */;
			productType = "com.apple.product-type.application";
		};
/* End PBXNativeTarget section */

/* Begin PBXProject section */
		590974A82B2DCE4100FD317E /* Project object */ = {
			isa = PBXProject;
			attributes = {
				BuildIndependentTargetsInParallel = 1;
				LastSwiftUpdateCheck = 1500;
				LastUpgradeCheck = 1500;
				TargetAttributes = {
					590974AF2B2DCE4100FD317E = {
						CreatedOnToolsVersion = 15.0.1;
					};
				};
			};
			buildConfigurationList = 590974AB2B2DCE4100FD317E /* Build configuration list for PBXProject "GC" */;
			compatibilityVersion = "Xcode 14.0";
			developmentRegion = en;
			hasScannedForEncodings = 0;
			knownRegions = (
				en,
				Base,
			);
			mainGroup = 590974A72B2DCE4100FD317E;
			productRefGroup = 590974B12B2DCE4100FD317E /* Products */;
			projectDirPath = "";
			projectRoot = "";
			targets = (
				590974AF2B2DCE4100FD317E /* GC */,
			);
		};
/* End PBXProject section */

/* Begin PBXResourcesBuildPhase section */
		590974AE2B2DCE4100FD317E /* Resources */ = {
			isa = PBXResourcesBuildPhase;
			buildActionMask = 2147483647;
			files = (
				590974BB2B2DCE4200FD317E /* Preview Assets.xcassets in Resources */,
				590974B82B2DCE4200FD317E /* Assets.xcassets in Resources */,
			);
			runOnlyForDeploymentPostprocessing = 0;
		};
/* End PBXResourcesBuildPhase section */

/* Begin PBXSourcesBuildPhase section */
		590974AC2B2DCE4100FD317E /* Sources */ = {
			isa = PBXSourcesBuildPhase;
			buildActionMask = 2147483647;
			files = (
				590974CD2B2E077D00FD317E /* ShopsView.swift in Sources */,
				590974E72B30F81800FD317E /* TimeParser.swift in Sources */,
				590974E32B309FC300FD317E /* ShopDetailsViewModel.swift in Sources */,
				590974D12B2E30A900FD317E /* MainView.swift in Sources */,
				590974CA2B2DE4A100FD317E /* Api.swift in Sources */,
				590974B62B2DCE4100FD317E /* LoginView.swift in Sources */,
				590974DE2B2F7D9F00FD317E /* GetShopsDto.swift in Sources */,
				590974CF2B2E1B4000FD317E /* Router.swift in Sources */,
				590974D52B2E407C00FD317E /* ShopCard.swift in Sources */,
				5923FE902B31F771001B0D84 /* Storage.swift in Sources */,
				590974D32B2E367D00FD317E /* ShopsViewModel.swift in Sources */,
				590974DA2B2F427D00FD317E /* OnboardingViewModel.swift in Sources */,
				590974B42B2DCE4100FD317E /* GCApp.swift in Sources */,
				590974E52B30C55100FD317E /* ShopDetailsDto.swift in Sources */,
				590974DC2B2F436300FD317E /* OnboardingUserDto.swift in Sources */,
				590974C42B2DD9B500FD317E /* LoginViewModel.swift in Sources */,
				590974E92B31012A00FD317E /* ViewExtension.swift in Sources */,
				590974C82B2DE3B800FD317E /* LoginUserDto.swift in Sources */,
				590974D82B2F425300FD317E /* OnboardingView.swift in Sources */,
				590974E12B2F824400FD317E /* ShopDetailsView.swift in Sources */,
			);
			runOnlyForDeploymentPostprocessing = 0;
		};
/* End PBXSourcesBuildPhase section */

/* Begin XCBuildConfiguration section */
		590974BC2B2DCE4200FD317E /* Debug */ = {
			isa = XCBuildConfiguration;
			buildSettings = {
				ALWAYS_SEARCH_USER_PATHS = NO;
				ASSETCATALOG_COMPILER_GENERATE_SWIFT_ASSET_SYMBOL_EXTENSIONS = YES;
				CLANG_ANALYZER_NONNULL = YES;
				CLANG_ANALYZER_NUMBER_OBJECT_CONVERSION = YES_AGGRESSIVE;
				CLANG_CXX_LANGUAGE_STANDARD = "gnu++20";
				CLANG_ENABLE_MODULES = YES;
				CLANG_ENABLE_OBJC_ARC = YES;
				CLANG_ENABLE_OBJC_WEAK = YES;
				CLANG_WARN_BLOCK_CAPTURE_AUTORELEASING = YES;
				CLANG_WARN_BOOL_CONVERSION = YES;
				CLANG_WARN_COMMA = YES;
				CLANG_WARN_CONSTANT_CONVERSION = YES;
				CLANG_WARN_DEPRECATED_OBJC_IMPLEMENTATIONS = YES;
				CLANG_WARN_DIRECT_OBJC_ISA_USAGE = YES_ERROR;
				CLANG_WARN_DOCUMENTATION_COMMENTS = YES;
				CLANG_WARN_EMPTY_BODY = YES;
				CLANG_WARN_ENUM_CONVERSION = YES;
				CLANG_WARN_INFINITE_RECURSION = YES;
				CLANG_WARN_INT_CONVERSION = YES;
				CLANG_WARN_NON_LITERAL_NULL_CONVERSION = YES;
				CLANG_WARN_OBJC_IMPLICIT_RETAIN_SELF = YES;
				CLANG_WARN_OBJC_LITERAL_CONVERSION = YES;
				CLANG_WARN_OBJC_ROOT_CLASS = YES_ERROR;
				CLANG_WARN_QUOTED_INCLUDE_IN_FRAMEWORK_HEADER = YES;
				CLANG_WARN_RANGE_LOOP_ANALYSIS = YES;
				CLANG_WARN_STRICT_PROTOTYPES = YES;
				CLANG_WARN_SUSPICIOUS_MOVE = YES;
				CLANG_WARN_UNGUARDED_AVAILABILITY = YES_AGGRESSIVE;
				CLANG_WARN_UNREACHABLE_CODE = YES;
				CLANG_WARN__DUPLICATE_METHOD_MATCH = YES;
				COPY_PHASE_STRIP = NO;
				DEBUG_INFORMATION_FORMAT = dwarf;
				ENABLE_STRICT_OBJC_MSGSEND = YES;
				ENABLE_TESTABILITY = YES;
				ENABLE_USER_SCRIPT_SANDBOXING = YES;
				GCC_C_LANGUAGE_STANDARD = gnu17;
				GCC_DYNAMIC_NO_PIC = NO;
				GCC_NO_COMMON_BLOCKS = YES;
				GCC_OPTIMIZATION_LEVEL = 0;
				GCC_PREPROCESSOR_DEFINITIONS = (
					"DEBUG=1",
					"$(inherited)",
				);
				GCC_WARN_64_TO_32_BIT_CONVERSION = YES;
				GCC_WARN_ABOUT_RETURN_TYPE = YES_ERROR;
				GCC_WARN_UNDECLARED_SELECTOR = YES;
				GCC_WARN_UNINITIALIZED_AUTOS = YES_AGGRESSIVE;
				GCC_WARN_UNUSED_FUNCTION = YES;
				GCC_WARN_UNUSED_VARIABLE = YES;
				IPHONEOS_DEPLOYMENT_TARGET = 17.0;
				LOCALIZATION_PREFERS_STRING_CATALOGS = YES;
				MTL_ENABLE_DEBUG_INFO = INCLUDE_SOURCE;
				MTL_FAST_MATH = YES;
				ONLY_ACTIVE_ARCH = YES;
				SDKROOT = iphoneos;
				SWIFT_ACTIVE_COMPILATION_CONDITIONS = "DEBUG $(inherited)";
				SWIFT_OPTIMIZATION_LEVEL = "-Onone";
			};
			name = Debug;
		};
		590974BD2B2DCE4200FD317E /* Release */ = {
			isa = XCBuildConfiguration;
			buildSettings = {
				ALWAYS_SEARCH_USER_PATHS = NO;
				ASSETCATALOG_COMPILER_GENERATE_SWIFT_ASSET_SYMBOL_EXTENSIONS = YES;
				CLANG_ANALYZER_NONNULL = YES;
				CLANG_ANALYZER_NUMBER_OBJECT_CONVERSION = YES_AGGRESSIVE;
				CLANG_CXX_LANGUAGE_STANDARD = "gnu++20";
				CLANG_ENABLE_MODULES = YES;
				CLANG_ENABLE_OBJC_ARC = YES;
				CLANG_ENABLE_OBJC_WEAK = YES;
				CLANG_WARN_BLOCK_CAPTURE_AUTORELEASING = YES;
				CLANG_WARN_BOOL_CONVERSION = YES;
				CLANG_WARN_COMMA = YES;
				CLANG_WARN_CONSTANT_CONVERSION = YES;
				CLANG_WARN_DEPRECATED_OBJC_IMPLEMENTATIONS = YES;
				CLANG_WARN_DIRECT_OBJC_ISA_USAGE = YES_ERROR;
				CLANG_WARN_DOCUMENTATION_COMMENTS = YES;
				CLANG_WARN_EMPTY_BODY = YES;
				CLANG_WARN_ENUM_CONVERSION = YES;
				CLANG_WARN_INFINITE_RECURSION = YES;
				CLANG_WARN_INT_CONVERSION = YES;
				CLANG_WARN_NON_LITERAL_NULL_CONVERSION = YES;
				CLANG_WARN_OBJC_IMPLICIT_RETAIN_SELF = YES;
				CLANG_WARN_OBJC_LITERAL_CONVERSION = YES;
				CLANG_WARN_OBJC_ROOT_CLASS = YES_ERROR;
				CLANG_WARN_QUOTED_INCLUDE_IN_FRAMEWORK_HEADER = YES;
				CLANG_WARN_RANGE_LOOP_ANALYSIS = YES;
				CLANG_WARN_STRICT_PROTOTYPES = YES;
				CLANG_WARN_SUSPICIOUS_MOVE = YES;
				CLANG_WARN_UNGUARDED_AVAILABILITY = YES_AGGRESSIVE;
				CLANG_WARN_UNREACHABLE_CODE = YES;
				CLANG_WARN__DUPLICATE_METHOD_MATCH = YES;
				COPY_PHASE_STRIP = NO;
				DEBUG_INFORMATION_FORMAT = "dwarf-with-dsym";
				ENABLE_NS_ASSERTIONS = NO;
				ENABLE_STRICT_OBJC_MSGSEND = YES;
				ENABLE_USER_SCRIPT_SANDBOXING = YES;
				GCC_C_LANGUAGE_STANDARD = gnu17;
				GCC_NO_COMMON_BLOCKS = YES;
				GCC_WARN_64_TO_32_BIT_CONVERSION = YES;
				GCC_WARN_ABOUT_RETURN_TYPE = YES_ERROR;
				GCC_WARN_UNDECLARED_SELECTOR = YES;
				GCC_WARN_UNINITIALIZED_AUTOS = YES_AGGRESSIVE;
				GCC_WARN_UNUSED_FUNCTION = YES;
				GCC_WARN_UNUSED_VARIABLE = YES;
				IPHONEOS_DEPLOYMENT_TARGET = 17.0;
				LOCALIZATION_PREFERS_STRING_CATALOGS = YES;
				MTL_ENABLE_DEBUG_INFO = NO;
				MTL_FAST_MATH = YES;
				SDKROOT = iphoneos;
				SWIFT_COMPILATION_MODE = wholemodule;
				VALIDATE_PRODUCT = YES;
			};
			name = Release;
		};
		590974BF2B2DCE4200FD317E /* Debug */ = {
			isa = XCBuildConfiguration;
			buildSettings = {
				ASSETCATALOG_COMPILER_APPICON_NAME = AppIcon;
				ASSETCATALOG_COMPILER_GLOBAL_ACCENT_COLOR_NAME = AccentColor;
				CODE_SIGN_STYLE = Automatic;
				CURRENT_PROJECT_VERSION = 1;
				DEVELOPMENT_ASSET_PATHS = "\"GC/Preview Content\"";
				DEVELOPMENT_TEAM = 6G98Z6AHM5;
				ENABLE_PREVIEWS = YES;
				GENERATE_INFOPLIST_FILE = YES;
				INFOPLIST_KEY_UIApplicationSceneManifest_Generation = YES;
				INFOPLIST_KEY_UIApplicationSupportsIndirectInputEvents = YES;
				INFOPLIST_KEY_UILaunchScreen_Generation = YES;
				INFOPLIST_KEY_UISupportedInterfaceOrientations_iPad = "UIInterfaceOrientationPortrait UIInterfaceOrientationPortraitUpsideDown UIInterfaceOrientationLandscapeLeft UIInterfaceOrientationLandscapeRight";
				INFOPLIST_KEY_UISupportedInterfaceOrientations_iPhone = "UIInterfaceOrientationPortrait UIInterfaceOrientationLandscapeLeft UIInterfaceOrientationLandscapeRight";
				IPHONEOS_DEPLOYMENT_TARGET = 16.0;
				LD_RUNPATH_SEARCH_PATHS = (
					"$(inherited)",
					"@executable_path/Frameworks",
				);
				MARKETING_VERSION = 1.0;
				PRODUCT_BUNDLE_IDENTIFIER = com.geronso.GC;
				PRODUCT_NAME = "$(TARGET_NAME)";
				SWIFT_EMIT_LOC_STRINGS = YES;
				SWIFT_VERSION = 5.0;
				TARGETED_DEVICE_FAMILY = "1,2";
			};
			name = Debug;
		};
		590974C02B2DCE4200FD317E /* Release */ = {
			isa = XCBuildConfiguration;
			buildSettings = {
				ASSETCATALOG_COMPILER_APPICON_NAME = AppIcon;
				ASSETCATALOG_COMPILER_GLOBAL_ACCENT_COLOR_NAME = AccentColor;
				CODE_SIGN_STYLE = Automatic;
				CURRENT_PROJECT_VERSION = 1;
				DEVELOPMENT_ASSET_PATHS = "\"GC/Preview Content\"";
				DEVELOPMENT_TEAM = 6G98Z6AHM5;
				ENABLE_PREVIEWS = YES;
				GENERATE_INFOPLIST_FILE = YES;
				INFOPLIST_KEY_UIApplicationSceneManifest_Generation = YES;
				INFOPLIST_KEY_UIApplicationSupportsIndirectInputEvents = YES;
				INFOPLIST_KEY_UILaunchScreen_Generation = YES;
				INFOPLIST_KEY_UISupportedInterfaceOrientations_iPad = "UIInterfaceOrientationPortrait UIInterfaceOrientationPortraitUpsideDown UIInterfaceOrientationLandscapeLeft UIInterfaceOrientationLandscapeRight";
				INFOPLIST_KEY_UISupportedInterfaceOrientations_iPhone = "UIInterfaceOrientationPortrait UIInterfaceOrientationLandscapeLeft UIInterfaceOrientationLandscapeRight";
				IPHONEOS_DEPLOYMENT_TARGET = 16.0;
				LD_RUNPATH_SEARCH_PATHS = (
					"$(inherited)",
					"@executable_path/Frameworks",
				);
				MARKETING_VERSION = 1.0;
				PRODUCT_BUNDLE_IDENTIFIER = com.geronso.GC;
				PRODUCT_NAME = "$(TARGET_NAME)";
				SWIFT_EMIT_LOC_STRINGS = YES;
				SWIFT_VERSION = 5.0;
				TARGETED_DEVICE_FAMILY = "1,2";
			};
			name = Release;
		};
/* End XCBuildConfiguration section */

/* Begin XCConfigurationList section */
		590974AB2B2DCE4100FD317E /* Build configuration list for PBXProject "GC" */ = {
			isa = XCConfigurationList;
			buildConfigurations = (
				590974BC2B2DCE4200FD317E /* Debug */,
				590974BD2B2DCE4200FD317E /* Release */,
			);
			defaultConfigurationIsVisible = 0;
			defaultConfigurationName = Release;
		};
		590974BE2B2DCE4200FD317E /* Build configuration list for PBXNativeTarget "GC" */ = {
			isa = XCConfigurationList;
			buildConfigurations = (
				590974BF2B2DCE4200FD317E /* Debug */,
				590974C02B2DCE4200FD317E /* Release */,
			);
			defaultConfigurationIsVisible = 0;
			defaultConfigurationName = Release;
		};
/* End XCConfigurationList section */
	};
	rootObject = 590974A82B2DCE4100FD317E /* Project object */;
}
